
Microsoft Visual Studio Solution File, Format Version 12.00
# Visual Studio 15
Project("{FAE04EC0-301F-11D3-BF4B-00C04F79EFBC}") = "Assembly-CSharp", "Assembly-CSharp.csproj", "{C9CE70D8-3CFA-1493-31FE-C0C63ABE9369}"
EndProject
Project("{FAE04EC0-301F-11D3-BF4B-00C04F79EFBC}") = "Assembly-CSharp-Editor", "Assembly-CSharp-Editor.csproj", "{EC56E759-3DE0-6A81-9FCE-399C06B4BD99}"
EndProject
Global
	GlobalSection(SolutionConfigurationPlatforms) = preSolution
		Debug|Any CPU = Debug|Any CPU
		Release|Any CPU = Release|Any CPU
	EndGlobalSection
	GlobalSection(ProjectConfigurationPlatforms) = postSolution
		{C9CE70D8-3CFA-1493-31FE-C0C63ABE9369}.Debug|Any CPU.ActiveCfg = Debug|Any CPU
		{C9CE70D8-3CFA-1493-31FE-C0C63ABE9369}.Debug|Any CPU.Build.0 = Debug|Any CPU
		{C9CE70D8-3CFA-1493-31FE-C0C63ABE9369}.Release|Any CPU.ActiveCfg = Release|Any CPU
		{C9CE70D8-3CFA-1493-31FE-C0C63ABE9369}.Release|Any CPU.Build.0 = Release|Any CPU
		{EC56E759-3DE0-6A81-9FCE-399C06B4BD99}.Debug|Any CPU.ActiveCfg = Debug|Any CPU
		{EC56E759-3DE0-6A81-9FCE-399C06B4BD99}.Debug|Any CPU.Build.0 = Debug|Any CPU
		{EC56E759-3DE0-6A81-9FCE-399C06B4BD99}.Release|Any CPU.ActiveCfg = Release|Any CPU
		{EC56E759-3DE0-6A81-9FCE-399C06B4BD99}.Release|Any CPU.Build.0 = Release|Any CPU
	EndGlobalSection
	GlobalSection(SolutionProperties) = preSolution
		HideSolutionNode = FALSE
	EndGlobalSection
EndGlobal
